<?xml version="1.0" encoding="utf-8"?>
<Project ToolsVersion="4.0" xmlns="http://schemas.microsoft.com/developer/msbuild/2003">
  <ItemGroup>
    <ClCompile Include="main.cpp" />
    <ClCompile Include="BasicScene.cpp">
      <Filter>Scenes</Filter>
    </ClCompile>
  </ItemGroup>
  <ItemGroup>
    <Filter Include="Scenes">
      <UniqueIdentifier>{3d47208d-d260-4c57-8d9f-18fd8964d269}</UniqueIdentifier>
    </Filter>
  </ItemGroup>
  <ItemGroup>
    <ClInclude Include="BasicScene.h">
      <Filter>Scenes</Filter>
    </ClInclude>
  </ItemGroup>
</Project>